
Microsoft Visual Studio Solution File, Format Version 12.00
# Visual Studio Version 16
VisualStudioVersion = 16.0.29424.173
MinimumVisualStudioVersion = 10.0.40219.1
Project("{FAE04EC0-301F-11D3-BF4B-00C04F79EFBC}") = "Calculadora_Prestamos", "Calculadora_Prestamos\Calculadora_Prestamos.csproj", "{A9865C2F-FC16-44C0-AD9C-1F9073A55BE2}"
EndProject
Global
	GlobalSection(SolutionConfigurationPlatforms) = preSolution
		Debug|Any CPU = Debug|Any CPU
		Release|Any CPU = Release|Any CPU
	EndGlobalSection
	GlobalSection(ProjectConfigurationPlatforms) = postSolution
		{A9865C2F-FC16-44C0-AD9C-1F9073A55BE2}.Debug|Any CPU.ActiveCfg = Debug|Any CPU
		{A9865C2F-FC16-44C0-AD9C-1F9073A55BE2}.Debug|Any CPU.Build.0 = Debug|Any CPU
		{A9865C2F-FC16-44C0-AD9C-1F9073A55BE2}.Release|Any CPU.ActiveCfg = Release|Any CPU
		{A9865C2F-FC16-44C0-AD9C-1F9073A55BE2}.Release|Any CPU.Build.0 = Release|Any CPU
	EndGlobalSection
	GlobalSection(SolutionProperties) = preSolution
		HideSolutionNode = FALSE
	EndGlobalSection
	GlobalSection(ExtensibilityGlobals) = postSolution
		SolutionGuid = {BBD76342-5757-4C2F-8E10-74A965BBF6C1}
	EndGlobalSection
EndGlobal
